// !$*UTF8*$!
{
	archiveVersion = 1;
	classes = {
	};
	objectVersion = 48;
	objects = {

/* Begin PBXBuildFile section */
		19A7A02D202E85450010A2A0 /* SecondViewController.swift in Sources */ = {isa = PBXBuildFile; fileRef = 19A7A02C202E85450010A2A0 /* SecondViewController.swift */; };
		7F888D6320167C6A006C2A4E /* AppDelegate.swift in Sources */ = {isa = PBXBuildFile; fileRef = 7F888D6220167C6A006C2A4E /* AppDelegate.swift */; };
		7F888D6520167C6A006C2A4E /* ViewController.swift in Sources */ = {isa = PBXBuildFile; fileRef = 7F888D6420167C6A006C2A4E /* ViewController.swift */; };
		7F888D6820167C6A006C2A4E /* Main.storyboard in Resources */ = {isa = PBXBuildFile; fileRef = 7F888D6620167C6A006C2A4E /* Main.storyboard */; };
		7F888D6A20167C6A006C2A4E /* Assets.xcassets in Resources */ = {isa = PBXBuildFile; fileRef = 7F888D6920167C6A006C2A4E /* Assets.xcassets */; };
		7F888D6D20167C6A006C2A4E /* LaunchScreen.storyboard in Resources */ = {isa = PBXBuildFile; fileRef = 7F888D6B20167C6A006C2A4E /* LaunchScreen.storyboard */; };
		7F888D7820167C6A006C2A4E /* Hackwich2Tests.swift in Sources */ = {isa = PBXBuildFile; fileRef = 7F888D7720167C6A006C2A4E /* Hackwich2Tests.swift */; };
		7F888D8320167C6A006C2A4E /* Hackwich2UITests.swift in Sources */ = {isa = PBXBuildFile; fileRef = 7F888D8220167C6A006C2A4E /* Hackwich2UITests.swift */; };
/* End PBXBuildFile section */

/* Begin PBXContainerItemProxy section */
		7F888D7420167C6A006C2A4E /* PBXContainerItemProxy */ = {
			isa = PBXContainerItemProxy;
			containerPortal = 7F888D5720167C6A006C2A4E /* Project object */;
			proxyType = 1;
			remoteGlobalIDString = 7F888D5E20167C6A006C2A4E;
			remoteInfo = Hackwich2;
		};
		7F888D7F20167C6A006C2A4E /* PBXContainerItemProxy */ = {
			isa = PBXContainerItemProxy;
			containerPortal = 7F888D5720167C6A006C2A4E /* Project object */;
			proxyType = 1;
			remoteGlobalIDString = 7F888D5E20167C6A006C2A4E;
			remoteInfo = Hackwich2;
		};
/* End PBXContainerItemProxy section */

/* Begin PBXFileReference section */
		19A7A02C202E85450010A2A0 /* SecondViewController.swift */ = {isa = PBXFileReference; lastKnownFileType = sourcecode.swift; path = SecondViewController.swift; sourceTree = "<group>"; };
		7F888D5F20167C6A006C2A4E /* Hackwich2.app */ = {isa = PBXFileReference; explicitFileType = wrapper.application; includeInIndex = 0; path = Hackwich2.app; sourceTree = BUILT_PRODUCTS_DIR; };
		7F888D6220167C6A006C2A4E /* AppDelegate.swift */ = {isa = PBXFileReference; lastKnownFileType = sourcecode.swift; path = AppDelegate.swift; sourceTree = "<group>"; };
		7F888D6420167C6A006C2A4E /* ViewController.swift */ = {isa = PBXFileReference; lastKnownFileType = sourcecode.swift; path = ViewController.swift; sourceTree = "<group>"; };
		7F888D6720167C6A006C2A4E /* Base */ = {isa = PBXFileReference; lastKnownFileType = file.storyboard; name = Base; path = Base.lproj/Main.storyboard; sourceTree = "<group>"; };
		7F888D6920167C6A006C2A4E /* Assets.xcassets */ = {isa = PBXFileReference; lastKnownFileType = folder.assetcatalog; path = Assets.xcassets; sourceTree = "<group>"; };
		7F888D6C20167C6A006C2A4E /* Base */ = {isa = PBXFileReference; lastKnownFileType = file.storyboard; name = Base; path = Base.lproj/LaunchScreen.storyboard; sourceTree = "<group>"; };
		7F888D6E20167C6A006C2A4E /* Info.plist */ = {isa = PBXFileReference; lastKnownFileType = text.plist.xml; path = Info.plist; sourceTree = "<group>"; };
		7F888D7320167C6A006C2A4E /* Hackwich2Tests.xctest */ = {isa = PBXFileReference; explicitFileType = wrapper.cfbundle; includeInIndex = 0; path = Hackwich2Tests.xctest; sourceTree = BUILT_PRODUCTS_DIR; };
		7F888D7720167C6A006C2A4E /* Hackwich2Tests.swift */ = {isa = PBXFileReference; lastKnownFileType = sourcecode.swift; path = Hackwich2Tests.swift; sourceTree = "<group>"; };
		7F888D7920167C6A006C2A4E /* Info.plist */ = {isa = PBXFileReference; lastKnownFileType = text.plist.xml; path = Info.plist; sourceTree = "<group>"; };
		7F888D7E20167C6A006C2A4E /* Hackwich2UITests.xctest */ = {isa = PBXFileReference; explicitFileType = wrapper.cfbundle; includeInIndex = 0; path = Hackwich2UITests.xctest; sourceTree = BUILT_PRODUCTS_DIR; };
		7F888D8220167C6A006C2A4E /* Hackwich2UITests.swift */ = {isa = PBXFileReference; lastKnownFileType = sourcecode.swift; path = Hackwich2UITests.swift; sourceTree = "<group>"; };
		7F888D8420167C6A006C2A4E /* Info.plist */ = {isa = PBXFileReference; lastKnownFileType = text.plist.xml; path = Info.plist; sourceTree = "<group>"; };
/* End PBXFileReference section */

/* Begin PBXFrameworksBuildPhase section */
		7F888D5C20167C6A006C2A4E /* Frameworks */ = {
			isa = PBXFrameworksBuildPhase;
			buildActionMask = 2147483647;
			files = (
			);
			runOnlyForDeploymentPostprocessing = 0;
		};
		7F888D7020167C6A006C2A4E /* Frameworks */ = {
			isa = PBXFrameworksBuildPhase;
			buildActionMask = 2147483647;
			files = (
			);
			runOnlyForDeploymentPostprocessing = 0;
		};
		7F888D7B20167C6A006C2A4E /* Frameworks */ = {
			isa = PBXFrameworksBuildPhase;
			buildActionMask = 2147483647;
			files = (
			);
			runOnlyForDeploymentPostprocessing = 0;
		};
/* End PBXFrameworksBuildPhase section */

/* Begin PBXGroup section */
		7F888D5620167C6A006C2A4E = {
			isa = PBXGroup;
			children = (
				7F888D6120167C6A006C2A4E /* Hackwich2 */,
				7F888D7620167C6A006C2A4E /* Hackwich2Tests */,
				7F888D8120167C6A006C2A4E /* Hackwich2UITests */,
				7F888D6020167C6A006C2A4E /* Products */,
			);
			sourceTree = "<group>";
		};
		7F888D6020167C6A006C2A4E /* Products */ = {
			isa = PBXGroup;
			children = (
				7F888D5F20167C6A006C2A4E /* Hackwich2.app */,
				7F888D7320167C6A006C2A4E /* Hackwich2Tests.xctest */,
				7F888D7E20167C6A006C2A4E /* Hackwich2UITests.xctest */,
			);
			name = Products;
			sourceTree = "<group>";
		};
		7F888D6120167C6A006C2A4E /* Hackwich2 */ = {
			isa = PBXGroup;
			children = (
				7F888D6220167C6A006C2A4E /* AppDelegate.swift */,
				7F888D6420167C6A006C2A4E /* ViewController.swift */,
				7F888D6620167C6A006C2A4E /* Main.storyboard */,
				19A7A02C202E85450010A2A0 /* SecondViewController.swift */,
				7F888D6920167C6A006C2A4E /* Assets.xcassets */,
				7F888D6B20167C6A006C2A4E /* LaunchScreen.storyboard */,
				7F888D6E20167C6A006C2A4E /* Info.plist */,
			);
			path = Hackwich2;
			sourceTree = "<group>";
		};
		7F888D7620167C6A006C2A4E /* Hackwich2Tests */ = {
			isa = PBXGroup;
			children = (
				7F888D7720167C6A006C2A4E /* Hackwich2Tests.swift */,
				7F888D7920167C6A006C2A4E /* Info.plist */,
			);
			path = Hackwich2Tests;
			sourceTree = "<group>";
		};
		7F888D8120167C6A006C2A4E /* Hackwich2UITests */ = {
			isa = PBXGroup;
			children = (
				7F888D8220167C6A006C2A4E /* Hackwich2UITests.swift */,
				7F888D8420167C6A006C2A4E /* Info.plist */,
			);
			path = Hackwich2UITests;
			sourceTree = "<group>";
		};
/* End PBXGroup section */

/* Begin PBXNativeTarget section */
		7F888D5E20167C6A006C2A4E /* Hackwich2 */ = {
			isa = PBXNativeTarget;
			buildConfigurationList = 7F888D8720167C6A006C2A4E /* Build configuration list for PBXNativeTarget "Hackwich2" */;
			buildPhases = (
				7F888D5B20167C6A006C2A4E /* Sources */,
				7F888D5C20167C6A006C2A4E /* Frameworks */,
				7F888D5D20167C6A006C2A4E /* Resources */,
			);
			buildRules = (
			);
			dependencies = (
			);
			name = Hackwich2;
			productName = Hackwich2;
			productReference = 7F888D5F20167C6A006C2A4E /* Hackwich2.app */;
			productType = "com.apple.product-type.application";
		};
		7F888D7220167C6A006C2A4E /* Hackwich2Tests */ = {
			isa = PBXNativeTarget;
			buildConfigurationList = 7F888D8A20167C6A006C2A4E /* Build configuration list for PBXNativeTarget "Hackwich2Tests" */;
			buildPhases = (
				7F888D6F20167C6A006C2A4E /* Sources */,
				7F888D7020167C6A006C2A4E /* Frameworks */,
				7F888D7120167C6A006C2A4E /* Resources */,
			);
			buildRules = (
			);
			dependencies = (
				7F888D7520167C6A006C2A4E /* PBXTargetDependency */,
			);
			name = Hackwich2Tests;
			productName = Hackwich2Tests;
			productReference = 7F888D7320167C6A006C2A4E /* Hackwich2Tests.xctest */;
			productType = "com.apple.product-type.bundle.unit-test";
		};
		7F888D7D20167C6A006C2A4E /* Hackwich2UITests */ = {
			isa = PBXNativeTarget;
			buildConfigurationList = 7F888D8D20167C6A006C2A4E /* Build configuration list for PBXNativeTarget "Hackwich2UITests" */;
			buildPhases = (
				7F888D7A20167C6A006C2A4E /* Sources */,
				7F888D7B20167C6A006C2A4E /* Frameworks */,
				7F888D7C20167C6A006C2A4E /* Resources */,
			);
			buildRules = (
			);
			dependencies = (
				7F888D8020167C6A006C2A4E /* PBXTargetDependency */,
			);
			name = Hackwich2UITests;
			productName = Hackwich2UITests;
			productReference = 7F888D7E20167C6A006C2A4E /* Hackwich2UITests.xctest */;
			productType = "com.apple.product-type.bundle.ui-testing";
		};
/* End PBXNativeTarget section */

/* Begin PBXProject section */
		7F888D5720167C6A006C2A4E /* Project object */ = {
			isa = PBXProject;
			attributes = {
				LastSwiftUpdateCheck = 0920;
				LastUpgradeCheck = 0920;
				ORGANIZATIONNAME = "CM Student";
				TargetAttributes = {
					7F888D5E20167C6A006C2A4E = {
						CreatedOnToolsVersion = 9.2;
						ProvisioningStyle = Automatic;
					};
					7F888D7220167C6A006C2A4E = {
						CreatedOnToolsVersion = 9.2;
						ProvisioningStyle = Automatic;
						TestTargetID = 7F888D5E20167C6A006C2A4E;
					};
					7F888D7D20167C6A006C2A4E = {
						CreatedOnToolsVersion = 9.2;
						ProvisioningStyle = Automatic;
						TestTargetID = 7F888D5E20167C6A006C2A4E;
					};
				};
			};
			buildConfigurationList = 7F888D5A20167C6A006C2A4E /* Build configuration list for PBXProject "Hackwich2" */;
			compatibilityVersion = "Xcode 8.0";
			developmentRegion = en;
			hasScannedForEncodings = 0;
			knownRegions = (
				en,
				Base,
			);
			mainGroup = 7F888D5620167C6A006C2A4E;
			productRefGroup = 7F888D6020167C6A006C2A4E /* Products */;
			projectDirPath = "";
			projectRoot = "";
			targets = (
				7F888D5E20167C6A006C2A4E /* Hackwich2 */,
				7F888D7220167C6A006C2A4E /* Hackwich2Tests */,
				7F888D7D20167C6A006C2A4E /* Hackwich2UITests */,
			);
		};
/* End PBXProject section */

/* Begin PBXResourcesBuildPhase section */
		7F888D5D20167C6A006C2A4E /* Resources */ = {
			isa = PBXResourcesBuildPhase;
			buildActionMask = 2147483647;
			files = (
				7F888D6D20167C6A006C2A4E /* LaunchScreen.storyboard in Resources */,
				7F888D6A20167C6A006C2A4E /* Assets.xcassets in Resources */,
				7F888D6820167C6A006C2A4E /* Main.storyboard in Resources */,
			);
			runOnlyForDeploymentPostprocessing = 0;
		};
		7F888D7120167C6A006C2A4E /* Resources */ = {
			isa = PBXResourcesBuildPhase;
			buildActionMask = 2147483647;
			files = (
			);
			runOnlyForDeploymentPostprocessing = 0;
		};
		7F888D7C20167C6A006C2A4E /* Resources */ = {
			isa = PBXResourcesBuildPhase;
			buildActionMask = 2147483647;
			files = (
			);
			runOnlyForDeploymentPostprocessing = 0;
		};
/* End PBXResourcesBuildPhase section */

/* Begin PBXSourcesBuildPhase section */
		7F888D5B20167C6A006C2A4E /* Sources */ = {
			isa = PBXSourcesBuildPhase;
			buildActionMask = 2147483647;
			files = (
				19A7A02D202E85450010A2A0 /* SecondViewController.swift in Sources */,
				7F888D6520167C6A006C2A4E /* ViewController.swift in Sources */,
				7F888D6320167C6A006C2A4E /* AppDelegate.swift in Sources */,
			);
			runOnlyForDeploymentPostprocessing = 0;
		};
		7F888D6F20167C6A006C2A4E /* Sources */ = {
			isa = PBXSourcesBuildPhase;
			buildActionMask = 2147483647;
			files = (
				7F888D7820167C6A006C2A4E /* Hackwich2Tests.swift in Sources */,
			);
			runOnlyForDeploymentPostprocessing = 0;
		};
		7F888D7A20167C6A006C2A4E /* Sources */ = {
			isa = PBXSourcesBuildPhase;
			buildActionMask = 2147483647;
			files = (
				7F888D8320167C6A006C2A4E /* Hackwich2UITests.swift in Sources */,
			);
			runOnlyForDeploymentPostprocessing = 0;
		};
/* End PBXSourcesBuildPhase section */

/* Begin PBXTargetDependency section */
		7F888D7520167C6A006C2A4E /* PBXTargetDependency */ = {
			isa = PBXTargetDependency;
			target = 7F888D5E20167C6A006C2A4E /* Hackwich2 */;
			targetProxy = 7F888D7420167C6A006C2A4E /* PBXContainerItemProxy */;
		};
		7F888D8020167C6A006C2A4E /* PBXTargetDependency */ = {
			isa = PBXTargetDependency;
			target = 7F888D5E20167C6A006C2A4E /* Hackwich2 */;
			targetProxy = 7F888D7F20167C6A006C2A4E /* PBXContainerItemProxy */;
		};
/* End PBXTargetDependency section */

/* Begin PBXVariantGroup section */
		7F888D6620167C6A006C2A4E /* Main.storyboard */ = {
			isa = PBXVariantGroup;
			children = (
				7F888D6720167C6A006C2A4E /* Base */,
			);
			name = Main.storyboard;
			sourceTree = "<group>";
		};
		7F888D6B20167C6A006C2A4E /* LaunchScreen.storyboard */ = {
			isa = PBXVariantGroup;
			children = (
				7F888D6C20167C6A006C2A4E /* Base */,
			);
			name = LaunchScreen.storyboard;
			sourceTree = "<group>";
		};
/* End PBXVariantGroup section */

/* Begin XCBuildConfiguration section */
		7F888D8520167C6A006C2A4E /* Debug */ = {
			isa = XCBuildConfiguration;
			buildSettings = {
				ALWAYS_SEARCH_USER_PATHS = NO;
				CLANG_ANALYZER_NONNULL = YES;
				CLANG_ANALYZER_NUMBER_OBJECT_CONVERSION = YES_AGGRESSIVE;
				CLANG_CXX_LANGUAGE_STANDARD = "gnu++14";
				CLANG_CXX_LIBRARY = "libc++";
				CLANG_ENABLE_MODULES = YES;
				CLANG_ENABLE_OBJC_ARC = YES;
				CLANG_WARN_BLOCK_CAPTURE_AUTORELEASING = YES;
				CLANG_WARN_BOOL_CONVERSION = YES;
				CLANG_WARN_COMMA = YES;
				CLANG_WARN_CONSTANT_CONVERSION = YES;
				CLANG_WARN_DIRECT_OBJC_ISA_USAGE = YES_ERROR;
				CLANG_WARN_DOCUMENTATION_COMMENTS = YES;
				CLANG_WARN_EMPTY_BODY = YES;
				CLANG_WARN_ENUM_CONVERSION = YES;
				CLANG_WARN_INFINITE_RECURSION = YES;
				CLANG_WARN_INT_CONVERSION = YES;
				CLANG_WARN_NON_LITERAL_NULL_CONVERSION = YES;
				CLANG_WARN_OBJC_LITERAL_CONVERSION = YES;
				CLANG_WARN_OBJC_ROOT_CLASS = YES_ERROR;
				CLANG_WARN_RANGE_LOOP_ANALYSIS = YES;
				CLANG_WARN_STRICT_PROTOTYPES = YES;
				CLANG_WARN_SUSPICIOUS_MOVE = YES;
				CLANG_WARN_UNGUARDED_AVAILABILITY = YES_AGGRESSIVE;
				CLANG_WARN_UNREACHABLE_CODE = YES;
				CLANG_WARN__DUPLICATE_METHOD_MATCH = YES;
				CODE_SIGN_IDENTITY = "iPhone Developer";
				COPY_PHASE_STRIP = NO;
				DEBUG_INFORMATION_FORMAT = dwarf;
				ENABLE_STRICT_OBJC_MSGSEND = YES;
				ENABLE_TESTABILITY = YES;
				GCC_C_LANGUAGE_STANDARD = gnu11;
				GCC_DYNAMIC_NO_PIC = NO;
				GCC_NO_COMMON_BLOCKS = YES;
				GCC_OPTIMIZATION_LEVEL = 0;
				GCC_PREPROCESSOR_DEFINITIONS = (
					"DEBUG=1",
					"$(inherited)",
				);
				GCC_WARN_64_TO_32_BIT_CONVERSION = YES;
				GCC_WARN_ABOUT_RETURN_TYPE = YES_ERROR;
				GCC_WARN_UNDECLARED_SELECTOR = YES;
				GCC_WARN_UNINITIALIZED_AUTOS = YES_AGGRESSIVE;
				GCC_WARN_UNUSED_FUNCTION = YES;
				GCC_WARN_UNUSED_VARIABLE = YES;
				IPHONEOS_DEPLOYMENT_TARGET = 11.2;
				MTL_ENABLE_DEBUG_INFO = YES;
				ONLY_ACTIVE_ARCH = YES;
				SDKROOT = iphoneos;
				SWIFT_ACTIVE_COMPILATION_CONDITIONS = DEBUG;
				SWIFT_OPTIMIZATION_LEVEL = "-Onone";
			};
			name = Debug;
		};
		7F888D8620167C6A006C2A4E /* Release */ = {
			isa = XCBuildConfiguration;
			buildSettings = {
				ALWAYS_SEARCH_USER_PATHS = NO;
				CLANG_ANALYZER_NONNULL = YES;
				CLANG_ANALYZER_NUMBER_OBJECT_CONVERSION = YES_AGGRESSIVE;
				CLANG_CXX_LANGUAGE_STANDARD = "gnu++14";
				CLANG_CXX_LIBRARY = "libc++";
				CLANG_ENABLE_MODULES = YES;
				CLANG_ENABLE_OBJC_ARC = YES;
				CLANG_WARN_BLOCK_CAPTURE_AUTORELEASING = YES;
				CLANG_WARN_BOOL_CONVERSION = YES;
				CLANG_WARN_COMMA = YES;
				CLANG_WARN_CONSTANT_CONVERSION = YES;
				CLANG_WARN_DIRECT_OBJC_ISA_USAGE = YES_ERROR;
				CLANG_WARN_DOCUMENTATION_COMMENTS = YES;
				CLANG_WARN_EMPTY_BODY = YES;
				CLANG_WARN_ENUM_CONVERSION = YES;
				CLANG_WARN_INFINITE_RECURSION = YES;
				CLANG_WARN_INT_CONVERSION = YES;
				CLANG_WARN_NON_LITERAL_NULL_CONVERSION = YES;
				CLANG_WARN_OBJC_LITERAL_CONVERSION = YES;
				CLANG_WARN_OBJC_ROOT_CLASS = YES_ERROR;
				CLANG_WARN_RANGE_LOOP_ANALYSIS = YES;
				CLANG_WARN_STRICT_PROTOTYPES = YES;
				CLANG_WARN_SUSPICIOUS_MOVE = YES;
				CLANG_WARN_UNGUARDED_AVAILABILITY = YES_AGGRESSIVE;
				CLANG_WARN_UNREACHABLE_CODE = YES;
				CLANG_WARN__DUPLICATE_METHOD_MATCH = YES;
				CODE_SIGN_IDENTITY = "iPhone Developer";
				COPY_PHASE_STRIP = NO;
				DEBUG_INFORMATION_FORMAT = "dwarf-with-dsym";
				ENABLE_NS_ASSERTIONS = NO;
				ENABLE_STRICT_OBJC_MSGSEND = YES;
				GCC_C_LANGUAGE_STANDARD = gnu11;
				GCC_NO_COMMON_BLOCKS = YES;
				GCC_WARN_64_TO_32_BIT_CONVERSION = YES;
				GCC_WARN_ABOUT_RETURN_TYPE = YES_ERROR;
				GCC_WARN_UNDECLARED_SELECTOR = YES;
				GCC_WARN_UNINITIALIZED_AUTOS = YES_AGGRESSIVE;
				GCC_WARN_UNUSED_FUNCTION = YES;
				GCC_WARN_UNUSED_VARIABLE = YES;
				IPHONEOS_DEPLOYMENT_TARGET = 11.2;
				MTL_ENABLE_DEBUG_INFO = NO;
				SDKROOT = iphoneos;
				SWIFT_OPTIMIZATION_LEVEL = "-Owholemodule";
				VALIDATE_PRODUCT = YES;
			};
			name = Release;
		};
		7F888D8820167C6A006C2A4E /* Debug */ = {
			isa = XCBuildConfiguration;
			buildSettings = {
				ASSETCATALOG_COMPILER_APPICON_NAME = AppIcon;
				CODE_SIGN_STYLE = Automatic;
				INFOPLIST_FILE = Hackwich2/Info.plist;
				LD_RUNPATH_SEARCH_PATHS = "$(inherited) @executable_path/Frameworks";
				PRODUCT_BUNDLE_IDENTIFIER = UHWO.Hackwich2;
				PRODUCT_NAME = "$(TARGET_NAME)";
				SWIFT_VERSION = 4.0;
				TARGETED_DEVICE_FAMILY = "1,2";
			};
			name = Debug;
		};
		7F888D8920167C6A006C2A4E /* Release */ = {
			isa = XCBuildConfiguration;
			buildSettings = {
				ASSETCATALOG_COMPILER_APPICON_NAME = AppIcon;
				CODE_SIGN_STYLE = Automatic;
				INFOPLIST_FILE = Hackwich2/Info.plist;
				LD_RUNPATH_SEARCH_PATHS = "$(inherited) @executable_path/Frameworks";
				PRODUCT_BUNDLE_IDENTIFIER = UHWO.Hackwich2;
				PRODUCT_NAME = "$(TARGET_NAME)";
				SWIFT_VERSION = 4.0;
				TARGETED_DEVICE_FAMILY = "1,2";
			};
			name = Release;
		};
		7F888D8B20167C6A006C2A4E /* Debug */ = {
			isa = XCBuildConfiguration;
			buildSettings = {
				ALWAYS_EMBED_SWIFT_STANDARD_LIBRARIES = YES;
				BUNDLE_LOADER = "$(TEST_HOST)";
				CODE_SIGN_STYLE = Automatic;
				INFOPLIST_FILE = Hackwich2Tests/Info.plist;
				LD_RUNPATH_SEARCH_PATHS = "$(inherited) @executable_path/Frameworks @loader_path/Frameworks";
				PRODUCT_BUNDLE_IDENTIFIER = UHWO.Hackwich2Tests;
				PRODUCT_NAME = "$(TARGET_NAME)";
				SWIFT_VERSION = 4.0;
				TARGETED_DEVICE_FAMILY = "1,2";
				TEST_HOST = "$(BUILT_PRODUCTS_DIR)/Hackwich2.app/Hackwich2";
			};
			name = Debug;
		};
		7F888D8C20167C6A006C2A4E /* Release */ = {
			isa = XCBuildConfiguration;
			buildSettings = {
				ALWAYS_EMBED_SWIFT_STANDARD_LIBRARIES = YES;
				BUNDLE_LOADER = "$(TEST_HOST)";
				CODE_SIGN_STYLE = Automatic;
				INFOPLIST_FILE = Hackwich2Tests/Info.plist;
				LD_RUNPATH_SEARCH_PATHS = "$(inherited) @executable_path/Frameworks @loader_path/Frameworks";
				PRODUCT_BUNDLE_IDENTIFIER = UHWO.Hackwich2Tests;
				PRODUCT_NAME = "$(TARGET_NAME)";
				SWIFT_VERSION = 4.0;
				TARGETED_DEVICE_FAMILY = "1,2";
				TEST_HOST = "$(BUILT_PRODUCTS_DIR)/Hackwich2.app/Hackwich2";
			};
			name = Release;
		};
		7F888D8E20167C6A006C2A4E /* Debug */ = {
			isa = XCBuildConfiguration;
			buildSettings = {
				ALWAYS_EMBED_SWIFT_STANDARD_LIBRARIES = YES;
				CODE_SIGN_STYLE = Automatic;
				INFOPLIST_FILE = Hackwich2UITests/Info.plist;
				LD_RUNPATH_SEARCH_PATHS = "$(inherited) @executable_path/Frameworks @loader_path/Frameworks";
				PRODUCT_BUNDLE_IDENTIFIER = UHWO.Hackwich2UITests;
				PRODUCT_NAME = "$(TARGET_NAME)";
				SWIFT_VERSION = 4.0;
				TARGETED_DEVICE_FAMILY = "1,2";
				TEST_TARGET_NAME = Hackwich2;
			};
			name = Debug;
		};
		7F888D8F20167C6A006C2A4E /* Release */ = {
			isa = XCBuildConfiguration;
			buildSettings = {
				ALWAYS_EMBED_SWIFT_STANDARD_LIBRARIES = YES;
				CODE_SIGN_STYLE = Automatic;
				INFOPLIST_FILE = Hackwich2UITests/Info.plist;
				LD_RUNPATH_SEARCH_PATHS = "$(inherited) @executable_path/Frameworks @loader_path/Frameworks";
				PRODUCT_BUNDLE_IDENTIFIER = UHWO.Hackwich2UITests;
				PRODUCT_NAME = "$(TARGET_NAME)";
				SWIFT_VERSION = 4.0;
				TARGETED_DEVICE_FAMILY = "1,2";
				TEST_TARGET_NAME = Hackwich2;
			};
			name = Release;
		};
/* End XCBuildConfiguration section */

/* Begin XCConfigurationList section */
		7F888D5A20167C6A006C2A4E /* Build configuration list for PBXProject "Hackwich2" */ = {
			isa = XCConfigurationList;
			buildConfigurations = (
				7F888D8520167C6A006C2A4E /* Debug */,
				7F888D8620167C6A006C2A4E /* Release */,
			);
			defaultConfigurationIsVisible = 0;
			defaultConfigurationName = Release;
		};
		7F888D8720167C6A006C2A4E /* Build configuration list for PBXNativeTarget "Hackwich2" */ = {
			isa = XCConfigurationList;
			buildConfigurations = (
				7F888D8820167C6A006C2A4E /* Debug */,
				7F888D8920167C6A006C2A4E /* Release */,
			);
			defaultConfigurationIsVisible = 0;
			defaultConfigurationName = Release;
		};
		7F888D8A20167C6A006C2A4E /* Build configuration list for PBXNativeTarget "Hackwich2Tests" */ = {
			isa = XCConfigurationList;
			buildConfigurations = (
				7F888D8B20167C6A006C2A4E /* Debug */,
				7F888D8C20167C6A006C2A4E /* Release */,
			);
			defaultConfigurationIsVisible = 0;
			defaultConfigurationName = Release;
		};
		7F888D8D20167C6A006C2A4E /* Build configuration list for PBXNativeTarget "Hackwich2UITests" */ = {
			isa = XCConfigurationList;
			buildConfigurations = (
				7F888D8E20167C6A006C2A4E /* Debug */,
				7F888D8F20167C6A006C2A4E /* Release */,
			);
			defaultConfigurationIsVisible = 0;
			defaultConfigurationName = Release;
		};
/* End XCConfigurationList section */
	};
	rootObject = 7F888D5720167C6A006C2A4E /* Project object */;
}
